
Microsoft Visual Studio Solution File, Format Version 12.00
Project("{FAE04EC0-301F-11D3-BF4B-00C04F79EFBC}") = "WebApplication", "WebApplication\WebApplication.csproj", "{DBA22866-17CB-47D6-A5F4-1232AB0FA485}"
EndProject
Project("{FAE04EC0-301F-11D3-BF4B-00C04F79EFBC}") = "Domain", "Domain\Domain.csproj", "{35D50EAE-83DA-4BD8-9D5D-4D1BD5011F81}"
EndProject
Project("{FAE04EC0-301F-11D3-BF4B-00C04F79EFBC}") = "Repository", "Repository\Repository.csproj", "{CC44FD9E-F544-4AE4-8279-C11C8952CB74}"
EndProject
Project("{FAE04EC0-301F-11D3-BF4B-00C04F79EFBC}") = "Infrastructure", "Infrastructure\Infrastructure.csproj", "{7881C8D2-D7CD-4439-B89E-4DA94A30E79A}"
EndProject
Project("{FAE04EC0-301F-11D3-BF4B-00C04F79EFBC}") = "Infrastructure.Tests", "Infrastructure.Tests\Infrastructure.Tests.csproj", "{C490DC89-DBF9-4916-8F7B-3CEC49BAB851}"
EndProject
Project("{FAE04EC0-301F-11D3-BF4B-00C04F79EFBC}") = "Repository.Tests", "Repository.Tests\Repository.Tests.csproj", "{3C50A19E-2900-4630-BA50-15DF60A4824C}"
EndProject
Global
	GlobalSection(SolutionConfigurationPlatforms) = preSolution
		Debug|Any CPU = Debug|Any CPU
		Release|Any CPU = Release|Any CPU
	EndGlobalSection
	GlobalSection(ProjectConfigurationPlatforms) = postSolution
		{DBA22866-17CB-47D6-A5F4-1232AB0FA485}.Debug|Any CPU.ActiveCfg = Debug|Any CPU
		{DBA22866-17CB-47D6-A5F4-1232AB0FA485}.Debug|Any CPU.Build.0 = Debug|Any CPU
		{DBA22866-17CB-47D6-A5F4-1232AB0FA485}.Release|Any CPU.ActiveCfg = Release|Any CPU
		{DBA22866-17CB-47D6-A5F4-1232AB0FA485}.Release|Any CPU.Build.0 = Release|Any CPU
		{35D50EAE-83DA-4BD8-9D5D-4D1BD5011F81}.Debug|Any CPU.ActiveCfg = Debug|Any CPU
		{35D50EAE-83DA-4BD8-9D5D-4D1BD5011F81}.Debug|Any CPU.Build.0 = Debug|Any CPU
		{35D50EAE-83DA-4BD8-9D5D-4D1BD5011F81}.Release|Any CPU.ActiveCfg = Release|Any CPU
		{35D50EAE-83DA-4BD8-9D5D-4D1BD5011F81}.Release|Any CPU.Build.0 = Release|Any CPU
		{CC44FD9E-F544-4AE4-8279-C11C8952CB74}.Debug|Any CPU.ActiveCfg = Debug|Any CPU
		{CC44FD9E-F544-4AE4-8279-C11C8952CB74}.Debug|Any CPU.Build.0 = Debug|Any CPU
		{CC44FD9E-F544-4AE4-8279-C11C8952CB74}.Release|Any CPU.ActiveCfg = Release|Any CPU
		{CC44FD9E-F544-4AE4-8279-C11C8952CB74}.Release|Any CPU.Build.0 = Release|Any CPU
		{7881C8D2-D7CD-4439-B89E-4DA94A30E79A}.Debug|Any CPU.ActiveCfg = Debug|Any CPU
		{7881C8D2-D7CD-4439-B89E-4DA94A30E79A}.Debug|Any CPU.Build.0 = Debug|Any CPU
		{7881C8D2-D7CD-4439-B89E-4DA94A30E79A}.Release|Any CPU.ActiveCfg = Release|Any CPU
		{7881C8D2-D7CD-4439-B89E-4DA94A30E79A}.Release|Any CPU.Build.0 = Release|Any CPU
		{C490DC89-DBF9-4916-8F7B-3CEC49BAB851}.Debug|Any CPU.ActiveCfg = Debug|Any CPU
		{C490DC89-DBF9-4916-8F7B-3CEC49BAB851}.Debug|Any CPU.Build.0 = Debug|Any CPU
		{C490DC89-DBF9-4916-8F7B-3CEC49BAB851}.Release|Any CPU.ActiveCfg = Release|Any CPU
		{C490DC89-DBF9-4916-8F7B-3CEC49BAB851}.Release|Any CPU.Build.0 = Release|Any CPU
		{3C50A19E-2900-4630-BA50-15DF60A4824C}.Debug|Any CPU.ActiveCfg = Debug|Any CPU
		{3C50A19E-2900-4630-BA50-15DF60A4824C}.Debug|Any CPU.Build.0 = Debug|Any CPU
		{3C50A19E-2900-4630-BA50-15DF60A4824C}.Release|Any CPU.ActiveCfg = Release|Any CPU
		{3C50A19E-2900-4630-BA50-15DF60A4824C}.Release|Any CPU.Build.0 = Release|Any CPU
	EndGlobalSection
EndGlobal
